// !$*UTF8*$!
{
	archiveVersion = 1;
	classes = {
	};
	objectVersion = 46;
	objects = {

/* Begin PBXBuildFile section */
		9AE2D0BD1508D9460098FAC9 /* UIKit.framework in Frameworks */ = {isa = PBXBuildFile; fileRef = 9AE2D0BC1508D9460098FAC9 /* UIKit.framework */; };
		9AE2D0BF1508D9460098FAC9 /* Foundation.framework in Frameworks */ = {isa = PBXBuildFile; fileRef = 9AE2D0BE1508D9460098FAC9 /* Foundation.framework */; };
		9AE2D0C11508D9460098FAC9 /* CoreGraphics.framework in Frameworks */ = {isa = PBXBuildFile; fileRef = 9AE2D0C01508D9460098FAC9 /* CoreGraphics.framework */; };
		9AE2D0C71508D9460098FAC9 /* InfoPlist.strings in Resources */ = {isa = PBXBuildFile; fileRef = 9AE2D0C51508D9460098FAC9 /* InfoPlist.strings */; };
		9AE2D0C91508D9460098FAC9 /* main.m in Sources */ = {isa = PBXBuildFile; fileRef = 9AE2D0C81508D9460098FAC9 /* main.m */; };
		9AE2D0CD1508D9460098FAC9 /* AppDelegate.m in Sources */ = {isa = PBXBuildFile; fileRef = 9AE2D0CC1508D9460098FAC9 /* AppDelegate.m */; };
		9AE2D0D01508D9460098FAC9 /* ViewController.m in Sources */ = {isa = PBXBuildFile; fileRef = 9AE2D0CF1508D9460098FAC9 /* ViewController.m */; };
		9AE2D0D31508D9460098FAC9 /* ViewController.xib in Resources */ = {isa = PBXBuildFile; fileRef = 9AE2D0D11508D9460098FAC9 /* ViewController.xib */; };
/* End PBXBuildFile section */

/* Begin PBXFileReference section */
		9AE2D0B81508D9460098FAC9 /* Temp.app */ = {isa = PBXFileReference; explicitFileType = wrapper.application; includeInIndex = 0; path = Temp.app; sourceTree = BUILT_PRODUCTS_DIR; };
		9AE2D0BC1508D9460098FAC9 /* UIKit.framework */ = {isa = PBXFileReference; lastKnownFileType = wrapper.framework; name = UIKit.framework; path = System/Library/Frameworks/UIKit.framework; sourceTree = SDKROOT; };
		9AE2D0BE1508D9460098FAC9 /* Foundation.framework */ = {isa = PBXFileReference; lastKnownFileType = wrapper.framework; name = Foundation.framework; path = System/Library/Frameworks/Foundation.framework; sourceTree = SDKROOT; };
		9AE2D0C01508D9460098FAC9 /* CoreGraphics.framework */ = {isa = PBXFileReference; lastKnownFileType = wrapper.framework; name = CoreGraphics.framework; path = System/Library/Frameworks/CoreGraphics.framework; sourceTree = SDKROOT; };
		9AE2D0C41508D9460098FAC9 /* Temp-Info.plist */ = {isa = PBXFileReference; lastKnownFileType = text.plist.xml; path = "Temp-Info.plist"; sourceTree = "<group>"; };
		9AE2D0C61508D9460098FAC9 /* en */ = {isa = PBXFileReference; lastKnownFileType = text.plist.strings; name = en; path = en.lproj/InfoPlist.strings; sourceTree = "<group>"; };
		9AE2D0C81508D9460098FAC9 /* main.m */ = {isa = PBXFileReference; lastKnownFileType = sourcecode.c.objc; path = main.m; sourceTree = "<group>"; };
		9AE2D0CA1508D9460098FAC9 /* Temp-Prefix.pch */ = {isa = PBXFileReference; lastKnownFileType = sourcecode.c.h; path = "Temp-Prefix.pch"; sourceTree = "<group>"; };
		9AE2D0CB1508D9460098FAC9 /* AppDelegate.h */ = {isa = PBXFileReference; lastKnownFileType = sourcecode.c.h; path = AppDelegate.h; sourceTree = "<group>"; };
		9AE2D0CC1508D9460098FAC9 /* AppDelegate.m */ = {isa = PBXFileReference; lastKnownFileType = sourcecode.c.objc; path = AppDelegate.m; sourceTree = "<group>"; };
		9AE2D0CE1508D9460098FAC9 /* ViewController.h */ = {isa = PBXFileReference; lastKnownFileType = sourcecode.c.h; path = ViewController.h; sourceTree = "<group>"; };
		9AE2D0CF1508D9460098FAC9 /* ViewController.m */ = {isa = PBXFileReference; lastKnownFileType = sourcecode.c.objc; path = ViewController.m; sourceTree = "<group>"; };
		9AE2D0D21508D9460098FAC9 /* en */ = {isa = PBXFileReference; lastKnownFileType = file.xib; name = en; path = en.lproj/ViewController.xib; sourceTree = "<group>"; };
/* End PBXFileReference section */

/* Begin PBXFrameworksBuildPhase section */
		9AE2D0B51508D9460098FAC9 /* Frameworks */ = {
			isa = PBXFrameworksBuildPhase;
			buildActionMask = 2147483647;
			files = (
				9AE2D0BD1508D9460098FAC9 /* UIKit.framework in Frameworks */,
				9AE2D0BF1508D9460098FAC9 /* Foundation.framework in Frameworks */,
				9AE2D0C11508D9460098FAC9 /* CoreGraphics.framework in Frameworks */,
			);
			runOnlyForDeploymentPostprocessing = 0;
		};
/* End PBXFrameworksBuildPhase section */

/* Begin PBXGroup section */
		9AE2D0AD1508D9460098FAC9 = {
			isa = PBXGroup;
			children = (
				9AE2D0C21508D9460098FAC9 /* Temp */,
				9AE2D0BB1508D9460098FAC9 /* Frameworks */,
				9AE2D0B91508D9460098FAC9 /* Products */,
			);
			sourceTree = "<group>";
		};
		9AE2D0B91508D9460098FAC9 /* Products */ = {
			isa = PBXGroup;
			children = (
				9AE2D0B81508D9460098FAC9 /* Temp.app */,
			);
			name = Products;
			sourceTree = "<group>";
		};
		9AE2D0BB1508D9460098FAC9 /* Frameworks */ = {
			isa = PBXGroup;
			children = (
				9AE2D0BC1508D9460098FAC9 /* UIKit.framework */,
				9AE2D0BE1508D9460098FAC9 /* Foundation.framework */,
				9AE2D0C01508D9460098FAC9 /* CoreGraphics.framework */,
			);
			name = Frameworks;
			sourceTree = "<group>";
		};
		9AE2D0C21508D9460098FAC9 /* Temp */ = {
			isa = PBXGroup;
			children = (
				9AE2D0CB1508D9460098FAC9 /* AppDelegate.h */,
				9AE2D0CC1508D9460098FAC9 /* AppDelegate.m */,
				9AE2D0CE1508D9460098FAC9 /* ViewController.h */,
				9AE2D0CF1508D9460098FAC9 /* ViewController.m */,
				9AE2D0D11508D9460098FAC9 /* ViewController.xib */,
				9AE2D0C31508D9460098FAC9 /* Supporting Files */,
			);
			path = Temp;
			sourceTree = "<group>";
		};
		9AE2D0C31508D9460098FAC9 /* Supporting Files */ = {
			isa = PBXGroup;
			children = (
				9AE2D0C41508D9460098FAC9 /* Temp-Info.plist */,
				9AE2D0C51508D9460098FAC9 /* InfoPlist.strings */,
				9AE2D0C81508D9460098FAC9 /* main.m */,
				9AE2D0CA1508D9460098FAC9 /* Temp-Prefix.pch */,
			);
			name = "Supporting Files";
			sourceTree = "<group>";
		};
/* End PBXGroup section */

/* Begin PBXNativeTarget section */
		9AE2D0B71508D9460098FAC9 /* Temp */ = {
			isa = PBXNativeTarget;
			buildConfigurationList = 9AE2D0D61508D9460098FAC9 /* Build configuration list for PBXNativeTarget "Temp" */;
			buildPhases = (
				9AE2D0B41508D9460098FAC9 /* Sources */,
				9AE2D0B51508D9460098FAC9 /* Frameworks */,
				9AE2D0B61508D9460098FAC9 /* Resources */,
			);
			buildRules = (
			);
			dependencies = (
			);
			name = Temp;
			productName = Temp;
			productReference = 9AE2D0B81508D9460098FAC9 /* Temp.app */;
			productType = "com.apple.product-type.application";
		};
/* End PBXNativeTarget section */

/* Begin PBXProject section */
		9AE2D0AF1508D9460098FAC9 /* Project object */ = {
			isa = PBXProject;
			attributes = {
				LastUpgradeCheck = 0420;
			};
			buildConfigurationList = 9AE2D0B21508D9460098FAC9 /* Build configuration list for PBXProject "Temp" */;
			compatibilityVersion = "Xcode 3.2";
			developmentRegion = English;
			hasScannedForEncodings = 0;
			knownRegions = (
				en,
			);
			mainGroup = 9AE2D0AD1508D9460098FAC9;
			productRefGroup = 9AE2D0B91508D9460098FAC9 /* Products */;
			projectDirPath = "";
			projectRoot = "";
			targets = (
				9AE2D0B71508D9460098FAC9 /* Temp */,
			);
		};
/* End PBXProject section */

/* Begin PBXResourcesBuildPhase section */
		9AE2D0B61508D9460098FAC9 /* Resources */ = {
			isa = PBXResourcesBuildPhase;
			buildActionMask = 2147483647;
			files = (
				9AE2D0C71508D9460098FAC9 /* InfoPlist.strings in Resources */,
				9AE2D0D31508D9460098FAC9 /* ViewController.xib in Resources */,
			);
			runOnlyForDeploymentPostprocessing = 0;
		};
/* End PBXResourcesBuildPhase section */

/* Begin PBXSourcesBuildPhase section */
		9AE2D0B41508D9460098FAC9 /* Sources */ = {
			isa = PBXSourcesBuildPhase;
			buildActionMask = 2147483647;
			files = (
				9AE2D0C91508D9460098FAC9 /* main.m in Sources */,
				9AE2D0CD1508D9460098FAC9 /* AppDelegate.m in Sources */,
				9AE2D0D01508D9460098FAC9 /* ViewController.m in Sources */,
			);
			runOnlyForDeploymentPostprocessing = 0;
		};
/* End PBXSourcesBuildPhase section */

/* Begin PBXVariantGroup section */
		9AE2D0C51508D9460098FAC9 /* InfoPlist.strings */ = {
			isa = PBXVariantGroup;
			children = (
				9AE2D0C61508D9460098FAC9 /* en */,
			);
			name = InfoPlist.strings;
			sourceTree = "<group>";
		};
		9AE2D0D11508D9460098FAC9 /* ViewController.xib */ = {
			isa = PBXVariantGroup;
			children = (
				9AE2D0D21508D9460098FAC9 /* en */,
			);
			name = ViewController.xib;
			sourceTree = "<group>";
		};
/* End PBXVariantGroup section */

/* Begin XCBuildConfiguration section */
		9AE2D0D41508D9460098FAC9 /* Debug */ = {
			isa = XCBuildConfiguration;
			buildSettings = {
				ALWAYS_SEARCH_USER_PATHS = NO;
				ARCHS = "$(ARCHS_STANDARD_32_BIT)";
				"CODE_SIGN_IDENTITY[sdk=iphoneos*]" = "iPhone Developer";
				COPY_PHASE_STRIP = NO;
				GCC_C_LANGUAGE_STANDARD = gnu99;
				GCC_DYNAMIC_NO_PIC = NO;
				GCC_OPTIMIZATION_LEVEL = 0;
				GCC_PREPROCESSOR_DEFINITIONS = (
					"DEBUG=1",
					"$(inherited)",
				);
				GCC_SYMBOLS_PRIVATE_EXTERN = NO;
				GCC_VERSION = com.apple.compilers.llvm.clang.1_0;
				GCC_WARN_ABOUT_MISSING_PROTOTYPES = YES;
				GCC_WARN_ABOUT_RETURN_TYPE = YES;
				GCC_WARN_UNUSED_VARIABLE = YES;
				IPHONEOS_DEPLOYMENT_TARGET = 5.0;
				SDKROOT = iphoneos;
			};
			name = Debug;
		};
		9AE2D0D51508D9460098FAC9 /* Release */ = {
			isa = XCBuildConfiguration;
			buildSettings = {
				ALWAYS_SEARCH_USER_PATHS = NO;
				ARCHS = "$(ARCHS_STANDARD_32_BIT)";
				"CODE_SIGN_IDENTITY[sdk=iphoneos*]" = "iPhone Developer";
				COPY_PHASE_STRIP = YES;
				GCC_C_LANGUAGE_STANDARD = gnu99;
				GCC_VERSION = com.apple.compilers.llvm.clang.1_0;
				GCC_WARN_ABOUT_MISSING_PROTOTYPES = YES;
				GCC_WARN_ABOUT_RETURN_TYPE = YES;
				GCC_WARN_UNUSED_VARIABLE = YES;
				IPHONEOS_DEPLOYMENT_TARGET = 5.0;
				OTHER_CFLAGS = "-DNS_BLOCK_ASSERTIONS=1";
				SDKROOT = iphoneos;
				VALIDATE_PRODUCT = YES;
			};
			name = Release;
		};
		9AE2D0D71508D9460098FAC9 /* Debug */ = {
			isa = XCBuildConfiguration;
			buildSettings = {
				GCC_PRECOMPILE_PREFIX_HEADER = YES;
				GCC_PREFIX_HEADER = "Temp/Temp-Prefix.pch";
				INFOPLIST_FILE = "Temp/Temp-Info.plist";
				PRODUCT_NAME = "$(TARGET_NAME)";
				WRAPPER_EXTENSION = app;
			};
			name = Debug;
		};
		9AE2D0D81508D9460098FAC9 /* Release */ = {
			isa = XCBuildConfiguration;
			buildSettings = {
				GCC_PRECOMPILE_PREFIX_HEADER = YES;
				GCC_PREFIX_HEADER = "Temp/Temp-Prefix.pch";
				INFOPLIST_FILE = "Temp/Temp-Info.plist";
				PRODUCT_NAME = "$(TARGET_NAME)";
				WRAPPER_EXTENSION = app;
			};
			name = Release;
		};
/* End XCBuildConfiguration section */

/* Begin XCConfigurationList section */
		9AE2D0B21508D9460098FAC9 /* Build configuration list for PBXProject "Temp" */ = {
			isa = XCConfigurationList;
			buildConfigurations = (
				9AE2D0D41508D9460098FAC9 /* Debug */,
				9AE2D0D51508D9460098FAC9 /* Release */,
			);
			defaultConfigurationIsVisible = 0;
			defaultConfigurationName = Release;
		};
		9AE2D0D61508D9460098FAC9 /* Build configuration list for PBXNativeTarget "Temp" */ = {
			isa = XCConfigurationList;
			buildConfigurations = (
				9AE2D0D71508D9460098FAC9 /* Debug */,
				9AE2D0D81508D9460098FAC9 /* Release */,
			);
			defaultConfigurationIsVisible = 0;
		};
/* End XCConfigurationList section */
	};
	rootObject = 9AE2D0AF1508D9460098FAC9 /* Project object */;
}
